
Microsoft Visual Studio Solution File, Format Version 12.00
# Visual Studio 2013
VisualStudioVersion = 12.0.31101.0
MinimumVisualStudioVersion = 10.0.40219.1
Project("{FAE04EC0-301F-11D3-BF4B-00C04F79EFBC}") = "QUML_Keystrokes", "QUML_Keystrokes\QUML_Keystrokes.csproj", "{D4D315C8-939B-457B-BE04-BA4CFA7C003C}"
EndProject
Project("{FAE04EC0-301F-11D3-BF4B-00C04F79EFBC}") = "OperationsLib", "OperationsLib\OperationsLib.csproj", "{318A16AE-C364-4F94-AF37-36712739061B}"
EndProject
Global
	GlobalSection(SolutionConfigurationPlatforms) = preSolution
		Debug|Any CPU = Debug|Any CPU
		Release|Any CPU = Release|Any CPU
	EndGlobalSection
	GlobalSection(ProjectConfigurationPlatforms) = postSolution
		{D4D315C8-939B-457B-BE04-BA4CFA7C003C}.Debug|Any CPU.ActiveCfg = Debug|Any CPU
		{D4D315C8-939B-457B-BE04-BA4CFA7C003C}.Debug|Any CPU.Build.0 = Debug|Any CPU
		{D4D315C8-939B-457B-BE04-BA4CFA7C003C}.Release|Any CPU.ActiveCfg = Release|Any CPU
		{D4D315C8-939B-457B-BE04-BA4CFA7C003C}.Release|Any CPU.Build.0 = Release|Any CPU
		{318A16AE-C364-4F94-AF37-36712739061B}.Debug|Any CPU.ActiveCfg = Debug|Any CPU
		{318A16AE-C364-4F94-AF37-36712739061B}.Debug|Any CPU.Build.0 = Debug|Any CPU
		{318A16AE-C364-4F94-AF37-36712739061B}.Release|Any CPU.ActiveCfg = Release|Any CPU
		{318A16AE-C364-4F94-AF37-36712739061B}.Release|Any CPU.Build.0 = Release|Any CPU
	EndGlobalSection
	GlobalSection(SolutionProperties) = preSolution
		HideSolutionNode = FALSE
	EndGlobalSection
	GlobalSection(CodealikeProperties) = postSolution
		SolutionGuid = 2e2088cc-7ca3-41af-bc8c-38fc03ca3b03
	EndGlobalSection
EndGlobal
